
Microsoft Visual Studio Solution File, Format Version 12.00
# Visual Studio Version 17
VisualStudioVersion = 17.6.33829.357
MinimumVisualStudioVersion = 10.0.40219.1
Project("{FAE04EC0-301F-11D3-BF4B-00C04F79EFBC}") = "Ejercicio8", "Ejercicio8\Ejercicio8.csproj", "{A0E034D1-8D99-4D30-91DE-028217445814}"
EndProject
Global
	GlobalSection(SolutionConfigurationPlatforms) = preSolution
		Debug|Any CPU = Debug|Any CPU
		Release|Any CPU = Release|Any CPU
	EndGlobalSection
	GlobalSection(ProjectConfigurationPlatforms) = postSolution
		{A0E034D1-8D99-4D30-91DE-028217445814}.Debug|Any CPU.ActiveCfg = Debug|Any CPU
		{A0E034D1-8D99-4D30-91DE-028217445814}.Debug|Any CPU.Build.0 = Debug|Any CPU
		{A0E034D1-8D99-4D30-91DE-028217445814}.Release|Any CPU.ActiveCfg = Release|Any CPU
		{A0E034D1-8D99-4D30-91DE-028217445814}.Release|Any CPU.Build.0 = Release|Any CPU
	EndGlobalSection
	GlobalSection(SolutionProperties) = preSolution
		HideSolutionNode = FALSE
	EndGlobalSection
	GlobalSection(ExtensibilityGlobals) = postSolution
		SolutionGuid = {9DF94447-1FEB-4B48-99B7-56A5E0AC801A}
	EndGlobalSection
EndGlobal
