
Microsoft Visual Studio Solution File, Format Version 12.00
# Visual Studio Version 17
VisualStudioVersion = 17.6.33829.357
MinimumVisualStudioVersion = 10.0.40219.1
Project("{FAE04EC0-301F-11D3-BF4B-00C04F79EFBC}") = "Piramide", "Piramide\Piramide.csproj", "{3543D61A-F0B9-4BA9-9393-2626774ABF5C}"
EndProject
Global
	GlobalSection(SolutionConfigurationPlatforms) = preSolution
		Debug|Any CPU = Debug|Any CPU
		Release|Any CPU = Release|Any CPU
	EndGlobalSection
	GlobalSection(ProjectConfigurationPlatforms) = postSolution
		{3543D61A-F0B9-4BA9-9393-2626774ABF5C}.Debug|Any CPU.ActiveCfg = Debug|Any CPU
		{3543D61A-F0B9-4BA9-9393-2626774ABF5C}.Debug|Any CPU.Build.0 = Debug|Any CPU
		{3543D61A-F0B9-4BA9-9393-2626774ABF5C}.Release|Any CPU.ActiveCfg = Release|Any CPU
		{3543D61A-F0B9-4BA9-9393-2626774ABF5C}.Release|Any CPU.Build.0 = Release|Any CPU
	EndGlobalSection
	GlobalSection(SolutionProperties) = preSolution
		HideSolutionNode = FALSE
	EndGlobalSection
	GlobalSection(ExtensibilityGlobals) = postSolution
		SolutionGuid = {E3D6B6EA-4CD1-45B1-96A0-7891BE051B1B}
	EndGlobalSection
EndGlobal
